
Microsoft Visual Studio Solution File, Format Version 12.00
# Visual Studio Version 17
VisualStudioVersion = 17.1.32421.90
MinimumVisualStudioVersion = 10.0.40219.1
Project("{9A19103F-16F7-4668-BE54-9A1E7A4F7556}") = "CrowdFunding.API", "CrowdFunding.API\CrowdFunding.API.csproj", "{8B278686-C8B9-44F7-AED0-3D78F23AA108}"
EndProject
Project("{9A19103F-16F7-4668-BE54-9A1E7A4F7556}") = "CrowdFunding.DAL.EF", "CrowdFunding.DAL\CrowdFunding.DAL.EF.csproj", "{371746C0-67CD-46FB-8806-9E8310B6B779}"
EndProject
Project("{9A19103F-16F7-4668-BE54-9A1E7A4F7556}") = "CrowdFunding.BLL", "CrowdFunding.BLL\CrowdFunding.BLL.csproj", "{6C53B185-B289-4EE3-ACA9-22592DB51077}"
EndProject
Project("{00D1A9C2-B5F0-4AF3-8072-F6C62B433612}") = "CrowdFunding.Database", "CrowdFunding.Database\CrowdFunding.Database.sqlproj", "{43422455-D9BD-46A9-8DFB-37F1AEB30F67}"
EndProject
Project("{9A19103F-16F7-4668-BE54-9A1E7A4F7556}") = "CrowdFunding.DAL.Ado", "CrowdFunding.DAL.Ado\CrowdFunding.DAL.Ado.csproj", "{DBDB0998-DAFF-4A32-B973-2BCB6435070F}"
EndProject
Global
	GlobalSection(SolutionConfigurationPlatforms) = preSolution
		Debug|Any CPU = Debug|Any CPU
		Release|Any CPU = Release|Any CPU
	EndGlobalSection
	GlobalSection(ProjectConfigurationPlatforms) = postSolution
		{8B278686-C8B9-44F7-AED0-3D78F23AA108}.Debug|Any CPU.ActiveCfg = Debug|Any CPU
		{8B278686-C8B9-44F7-AED0-3D78F23AA108}.Debug|Any CPU.Build.0 = Debug|Any CPU
		{8B278686-C8B9-44F7-AED0-3D78F23AA108}.Release|Any CPU.ActiveCfg = Release|Any CPU
		{8B278686-C8B9-44F7-AED0-3D78F23AA108}.Release|Any CPU.Build.0 = Release|Any CPU
		{371746C0-67CD-46FB-8806-9E8310B6B779}.Debug|Any CPU.ActiveCfg = Debug|Any CPU
		{371746C0-67CD-46FB-8806-9E8310B6B779}.Debug|Any CPU.Build.0 = Debug|Any CPU
		{371746C0-67CD-46FB-8806-9E8310B6B779}.Release|Any CPU.ActiveCfg = Release|Any CPU
		{371746C0-67CD-46FB-8806-9E8310B6B779}.Release|Any CPU.Build.0 = Release|Any CPU
		{6C53B185-B289-4EE3-ACA9-22592DB51077}.Debug|Any CPU.ActiveCfg = Debug|Any CPU
		{6C53B185-B289-4EE3-ACA9-22592DB51077}.Debug|Any CPU.Build.0 = Debug|Any CPU
		{6C53B185-B289-4EE3-ACA9-22592DB51077}.Release|Any CPU.ActiveCfg = Release|Any CPU
		{6C53B185-B289-4EE3-ACA9-22592DB51077}.Release|Any CPU.Build.0 = Release|Any CPU
		{43422455-D9BD-46A9-8DFB-37F1AEB30F67}.Debug|Any CPU.ActiveCfg = Debug|Any CPU
		{43422455-D9BD-46A9-8DFB-37F1AEB30F67}.Debug|Any CPU.Build.0 = Debug|Any CPU
		{43422455-D9BD-46A9-8DFB-37F1AEB30F67}.Debug|Any CPU.Deploy.0 = Debug|Any CPU
		{43422455-D9BD-46A9-8DFB-37F1AEB30F67}.Release|Any CPU.ActiveCfg = Release|Any CPU
		{43422455-D9BD-46A9-8DFB-37F1AEB30F67}.Release|Any CPU.Build.0 = Release|Any CPU
		{43422455-D9BD-46A9-8DFB-37F1AEB30F67}.Release|Any CPU.Deploy.0 = Release|Any CPU
		{DBDB0998-DAFF-4A32-B973-2BCB6435070F}.Debug|Any CPU.ActiveCfg = Debug|Any CPU
		{DBDB0998-DAFF-4A32-B973-2BCB6435070F}.Debug|Any CPU.Build.0 = Debug|Any CPU
		{DBDB0998-DAFF-4A32-B973-2BCB6435070F}.Release|Any CPU.ActiveCfg = Release|Any CPU
		{DBDB0998-DAFF-4A32-B973-2BCB6435070F}.Release|Any CPU.Build.0 = Release|Any CPU
	EndGlobalSection
	GlobalSection(SolutionProperties) = preSolution
		HideSolutionNode = FALSE
	EndGlobalSection
	GlobalSection(ExtensibilityGlobals) = postSolution
		SolutionGuid = {6A6FFDDF-2E95-43B2-B741-7A5340855C69}
	EndGlobalSection
EndGlobal
